
Microsoft Visual Studio Solution File, Format Version 12.00
# Visual Studio Version 17
VisualStudioVersion = 17.0.31903.59
MinimumVisualStudioVersion = 10.0.40219.1
Project("{FAE04EC0-301F-11D3-BF4B-00C04F79EFBC}") = "API", "API\API.csproj", "{F26E9493-6939-40BB-9A06-4EFDB9850D28}"
EndProject
Project("{FAE04EC0-301F-11D3-BF4B-00C04F79EFBC}") = "Application", "Application\Application.csproj", "{628B5C98-F3D5-4EB0-A775-07945CF80A0B}"
EndProject
Project("{FAE04EC0-301F-11D3-BF4B-00C04F79EFBC}") = "Domain", "Domain\Domain.csproj", "{531E7E23-61C4-4317-BB9F-031279432754}"
EndProject
Project("{FAE04EC0-301F-11D3-BF4B-00C04F79EFBC}") = "Persistence", "Persistence\Persistence.csproj", "{B2757115-F223-4F5C-8AD5-C2E033004823}"
EndProject
Global
	GlobalSection(SolutionConfigurationPlatforms) = preSolution
		Debug|Any CPU = Debug|Any CPU
		Release|Any CPU = Release|Any CPU
	EndGlobalSection
	GlobalSection(SolutionProperties) = preSolution
		HideSolutionNode = FALSE
	EndGlobalSection
	GlobalSection(ProjectConfigurationPlatforms) = postSolution
		{F26E9493-6939-40BB-9A06-4EFDB9850D28}.Debug|Any CPU.ActiveCfg = Debug|Any CPU
		{F26E9493-6939-40BB-9A06-4EFDB9850D28}.Debug|Any CPU.Build.0 = Debug|Any CPU
		{F26E9493-6939-40BB-9A06-4EFDB9850D28}.Release|Any CPU.ActiveCfg = Release|Any CPU
		{F26E9493-6939-40BB-9A06-4EFDB9850D28}.Release|Any CPU.Build.0 = Release|Any CPU
		{628B5C98-F3D5-4EB0-A775-07945CF80A0B}.Debug|Any CPU.ActiveCfg = Debug|Any CPU
		{628B5C98-F3D5-4EB0-A775-07945CF80A0B}.Debug|Any CPU.Build.0 = Debug|Any CPU
		{628B5C98-F3D5-4EB0-A775-07945CF80A0B}.Release|Any CPU.ActiveCfg = Release|Any CPU
		{628B5C98-F3D5-4EB0-A775-07945CF80A0B}.Release|Any CPU.Build.0 = Release|Any CPU
		{531E7E23-61C4-4317-BB9F-031279432754}.Debug|Any CPU.ActiveCfg = Debug|Any CPU
		{531E7E23-61C4-4317-BB9F-031279432754}.Debug|Any CPU.Build.0 = Debug|Any CPU
		{531E7E23-61C4-4317-BB9F-031279432754}.Release|Any CPU.ActiveCfg = Release|Any CPU
		{531E7E23-61C4-4317-BB9F-031279432754}.Release|Any CPU.Build.0 = Release|Any CPU
		{B2757115-F223-4F5C-8AD5-C2E033004823}.Debug|Any CPU.ActiveCfg = Debug|Any CPU
		{B2757115-F223-4F5C-8AD5-C2E033004823}.Debug|Any CPU.Build.0 = Debug|Any CPU
		{B2757115-F223-4F5C-8AD5-C2E033004823}.Release|Any CPU.ActiveCfg = Release|Any CPU
		{B2757115-F223-4F5C-8AD5-C2E033004823}.Release|Any CPU.Build.0 = Release|Any CPU
	EndGlobalSection
EndGlobal
